// !$*UTF8*$!
{
	archiveVersion = 1;
	classes = {
	};
	objectVersion = 50;
	objects = {

/* Begin PBXBuildFile section */
		09B801202244CA090070ADBC /* AppDelegate.swift in Sources */ = {isa = PBXBuildFile; fileRef = 09B8011F2244CA090070ADBC /* AppDelegate.swift */; };
		09B801222244CA090070ADBC /* ViewController.swift in Sources */ = {isa = PBXBuildFile; fileRef = 09B801212244CA090070ADBC /* ViewController.swift */; };
		09B801252244CA090070ADBC /* Main.storyboard in Resources */ = {isa = PBXBuildFile; fileRef = 09B801232244CA090070ADBC /* Main.storyboard */; };
		09B801272244CA0A0070ADBC /* Assets.xcassets in Resources */ = {isa = PBXBuildFile; fileRef = 09B801262244CA0A0070ADBC /* Assets.xcassets */; };
		09B8012A2244CA0A0070ADBC /* LaunchScreen.storyboard in Resources */ = {isa = PBXBuildFile; fileRef = 09B801282244CA0A0070ADBC /* LaunchScreen.storyboard */; };
		09B801352244CA0A0070ADBC /* tippyTests.swift in Sources */ = {isa = PBXBuildFile; fileRef = 09B801342244CA0A0070ADBC /* tippyTests.swift */; };
		09B801402244CA0A0070ADBC /* tippyUITests.swift in Sources */ = {isa = PBXBuildFile; fileRef = 09B8013F2244CA0A0070ADBC /* tippyUITests.swift */; };
/* End PBXBuildFile section */

/* Begin PBXContainerItemProxy section */
		09B801312244CA0A0070ADBC /* PBXContainerItemProxy */ = {
			isa = PBXContainerItemProxy;
			containerPortal = 09B801142244CA090070ADBC /* Project object */;
			proxyType = 1;
			remoteGlobalIDString = 09B8011B2244CA090070ADBC;
			remoteInfo = tippy;
		};
		09B8013C2244CA0A0070ADBC /* PBXContainerItemProxy */ = {
			isa = PBXContainerItemProxy;
			containerPortal = 09B801142244CA090070ADBC /* Project object */;
			proxyType = 1;
			remoteGlobalIDString = 09B8011B2244CA090070ADBC;
			remoteInfo = tippy;
		};
/* End PBXContainerItemProxy section */

/* Begin PBXFileReference section */
		09B8011C2244CA090070ADBC /* tippy.app */ = {isa = PBXFileReference; explicitFileType = wrapper.application; includeInIndex = 0; path = tippy.app; sourceTree = BUILT_PRODUCTS_DIR; };
		09B8011F2244CA090070ADBC /* AppDelegate.swift */ = {isa = PBXFileReference; lastKnownFileType = sourcecode.swift; path = AppDelegate.swift; sourceTree = "<group>"; };
		09B801212244CA090070ADBC /* ViewController.swift */ = {isa = PBXFileReference; lastKnownFileType = sourcecode.swift; path = ViewController.swift; sourceTree = "<group>"; };
		09B801242244CA090070ADBC /* Base */ = {isa = PBXFileReference; lastKnownFileType = file.storyboard; name = Base; path = Base.lproj/Main.storyboard; sourceTree = "<group>"; };
		09B801262244CA0A0070ADBC /* Assets.xcassets */ = {isa = PBXFileReference; lastKnownFileType = folder.assetcatalog; path = Assets.xcassets; sourceTree = "<group>"; };
		09B801292244CA0A0070ADBC /* Base */ = {isa = PBXFileReference; lastKnownFileType = file.storyboard; name = Base; path = Base.lproj/LaunchScreen.storyboard; sourceTree = "<group>"; };
		09B8012B2244CA0A0070ADBC /* Info.plist */ = {isa = PBXFileReference; lastKnownFileType = text.plist.xml; path = Info.plist; sourceTree = "<group>"; };
		09B801302244CA0A0070ADBC /* tippyTests.xctest */ = {isa = PBXFileReference; explicitFileType = wrapper.cfbundle; includeInIndex = 0; path = tippyTests.xctest; sourceTree = BUILT_PRODUCTS_DIR; };
		09B801342244CA0A0070ADBC /* tippyTests.swift */ = {isa = PBXFileReference; lastKnownFileType = sourcecode.swift; path = tippyTests.swift; sourceTree = "<group>"; };
		09B801362244CA0A0070ADBC /* Info.plist */ = {isa = PBXFileReference; lastKnownFileType = text.plist.xml; path = Info.plist; sourceTree = "<group>"; };
		09B8013B2244CA0A0070ADBC /* tippyUITests.xctest */ = {isa = PBXFileReference; explicitFileType = wrapper.cfbundle; includeInIndex = 0; path = tippyUITests.xctest; sourceTree = BUILT_PRODUCTS_DIR; };
		09B8013F2244CA0A0070ADBC /* tippyUITests.swift */ = {isa = PBXFileReference; lastKnownFileType = sourcecode.swift; path = tippyUITests.swift; sourceTree = "<group>"; };
		09B801412244CA0A0070ADBC /* Info.plist */ = {isa = PBXFileReference; lastKnownFileType = text.plist.xml; path = Info.plist; sourceTree = "<group>"; };
/* End PBXFileReference section */

/* Begin PBXFrameworksBuildPhase section */
		09B801192244CA090070ADBC /* Frameworks */ = {
			isa = PBXFrameworksBuildPhase;
			buildActionMask = 2147483647;
			files = (
			);
			runOnlyForDeploymentPostprocessing = 0;
		};
		09B8012D2244CA0A0070ADBC /* Frameworks */ = {
			isa = PBXFrameworksBuildPhase;
			buildActionMask = 2147483647;
			files = (
			);
			runOnlyForDeploymentPostprocessing = 0;
		};
		09B801382244CA0A0070ADBC /* Frameworks */ = {
			isa = PBXFrameworksBuildPhase;
			buildActionMask = 2147483647;
			files = (
			);
			runOnlyForDeploymentPostprocessing = 0;
		};
/* End PBXFrameworksBuildPhase section */

/* Begin PBXGroup section */
		09B801132244CA090070ADBC = {
			isa = PBXGroup;
			children = (
				09B8011E2244CA090070ADBC /* tippy */,
				09B801332244CA0A0070ADBC /* tippyTests */,
				09B8013E2244CA0A0070ADBC /* tippyUITests */,
				09B8011D2244CA090070ADBC /* Products */,
			);
			sourceTree = "<group>";
		};
		09B8011D2244CA090070ADBC /* Products */ = {
			isa = PBXGroup;
			children = (
				09B8011C2244CA090070ADBC /* tippy.app */,
				09B801302244CA0A0070ADBC /* tippyTests.xctest */,
				09B8013B2244CA0A0070ADBC /* tippyUITests.xctest */,
			);
			name = Products;
			sourceTree = "<group>";
		};
		09B8011E2244CA090070ADBC /* tippy */ = {
			isa = PBXGroup;
			children = (
				09B8011F2244CA090070ADBC /* AppDelegate.swift */,
				09B801212244CA090070ADBC /* ViewController.swift */,
				09B801232244CA090070ADBC /* Main.storyboard */,
				09B801262244CA0A0070ADBC /* Assets.xcassets */,
				09B801282244CA0A0070ADBC /* LaunchScreen.storyboard */,
				09B8012B2244CA0A0070ADBC /* Info.plist */,
			);
			path = tippy;
			sourceTree = "<group>";
		};
		09B801332244CA0A0070ADBC /* tippyTests */ = {
			isa = PBXGroup;
			children = (
				09B801342244CA0A0070ADBC /* tippyTests.swift */,
				09B801362244CA0A0070ADBC /* Info.plist */,
			);
			path = tippyTests;
			sourceTree = "<group>";
		};
		09B8013E2244CA0A0070ADBC /* tippyUITests */ = {
			isa = PBXGroup;
			children = (
				09B8013F2244CA0A0070ADBC /* tippyUITests.swift */,
				09B801412244CA0A0070ADBC /* Info.plist */,
			);
			path = tippyUITests;
			sourceTree = "<group>";
		};
/* End PBXGroup section */

/* Begin PBXNativeTarget section */
		09B8011B2244CA090070ADBC /* tippy */ = {
			isa = PBXNativeTarget;
			buildConfigurationList = 09B801442244CA0A0070ADBC /* Build configuration list for PBXNativeTarget "tippy" */;
			buildPhases = (
				09B801182244CA090070ADBC /* Sources */,
				09B801192244CA090070ADBC /* Frameworks */,
				09B8011A2244CA090070ADBC /* Resources */,
			);
			buildRules = (
			);
			dependencies = (
			);
			name = tippy;
			productName = tippy;
			productReference = 09B8011C2244CA090070ADBC /* tippy.app */;
			productType = "com.apple.product-type.application";
		};
		09B8012F2244CA0A0070ADBC /* tippyTests */ = {
			isa = PBXNativeTarget;
			buildConfigurationList = 09B801472244CA0A0070ADBC /* Build configuration list for PBXNativeTarget "tippyTests" */;
			buildPhases = (
				09B8012C2244CA0A0070ADBC /* Sources */,
				09B8012D2244CA0A0070ADBC /* Frameworks */,
				09B8012E2244CA0A0070ADBC /* Resources */,
			);
			buildRules = (
			);
			dependencies = (
				09B801322244CA0A0070ADBC /* PBXTargetDependency */,
			);
			name = tippyTests;
			productName = tippyTests;
			productReference = 09B801302244CA0A0070ADBC /* tippyTests.xctest */;
			productType = "com.apple.product-type.bundle.unit-test";
		};
		09B8013A2244CA0A0070ADBC /* tippyUITests */ = {
			isa = PBXNativeTarget;
			buildConfigurationList = 09B8014A2244CA0A0070ADBC /* Build configuration list for PBXNativeTarget "tippyUITests" */;
			buildPhases = (
				09B801372244CA0A0070ADBC /* Sources */,
				09B801382244CA0A0070ADBC /* Frameworks */,
				09B801392244CA0A0070ADBC /* Resources */,
			);
			buildRules = (
			);
			dependencies = (
				09B8013D2244CA0A0070ADBC /* PBXTargetDependency */,
			);
			name = tippyUITests;
			productName = tippyUITests;
			productReference = 09B8013B2244CA0A0070ADBC /* tippyUITests.xctest */;
			productType = "com.apple.product-type.bundle.ui-testing";
		};
/* End PBXNativeTarget section */

/* Begin PBXProject section */
		09B801142244CA090070ADBC /* Project object */ = {
			isa = PBXProject;
			attributes = {
				LastSwiftUpdateCheck = 1010;
				LastUpgradeCheck = 1010;
				ORGANIZATIONNAME = rnluu;
				TargetAttributes = {
					09B8011B2244CA090070ADBC = {
						CreatedOnToolsVersion = 10.1;
					};
					09B8012F2244CA0A0070ADBC = {
						CreatedOnToolsVersion = 10.1;
						TestTargetID = 09B8011B2244CA090070ADBC;
					};
					09B8013A2244CA0A0070ADBC = {
						CreatedOnToolsVersion = 10.1;
						TestTargetID = 09B8011B2244CA090070ADBC;
					};
				};
			};
			buildConfigurationList = 09B801172244CA090070ADBC /* Build configuration list for PBXProject "tippy" */;
			compatibilityVersion = "Xcode 9.3";
			developmentRegion = en;
			hasScannedForEncodings = 0;
			knownRegions = (
				en,
				Base,
			);
			mainGroup = 09B801132244CA090070ADBC;
			productRefGroup = 09B8011D2244CA090070ADBC /* Products */;
			projectDirPath = "";
			projectRoot = "";
			targets = (
				09B8011B2244CA090070ADBC /* tippy */,
				09B8012F2244CA0A0070ADBC /* tippyTests */,
				09B8013A2244CA0A0070ADBC /* tippyUITests */,
			);
		};
/* End PBXProject section */

/* Begin PBXResourcesBuildPhase section */
		09B8011A2244CA090070ADBC /* Resources */ = {
			isa = PBXResourcesBuildPhase;
			buildActionMask = 2147483647;
			files = (
				09B8012A2244CA0A0070ADBC /* LaunchScreen.storyboard in Resources */,
				09B801272244CA0A0070ADBC /* Assets.xcassets in Resources */,
				09B801252244CA090070ADBC /* Main.storyboard in Resources */,
			);
			runOnlyForDeploymentPostprocessing = 0;
		};
		09B8012E2244CA0A0070ADBC /* Resources */ = {
			isa = PBXResourcesBuildPhase;
			buildActionMask = 2147483647;
			files = (
			);
			runOnlyForDeploymentPostprocessing = 0;
		};
		09B801392244CA0A0070ADBC /* Resources */ = {
			isa = PBXResourcesBuildPhase;
			buildActionMask = 2147483647;
			files = (
			);
			runOnlyForDeploymentPostprocessing = 0;
		};
/* End PBXResourcesBuildPhase section */

/* Begin PBXSourcesBuildPhase section */
		09B801182244CA090070ADBC /* Sources */ = {
			isa = PBXSourcesBuildPhase;
			buildActionMask = 2147483647;
			files = (
				09B801222244CA090070ADBC /* ViewController.swift in Sources */,
				09B801202244CA090070ADBC /* AppDelegate.swift in Sources */,
			);
			runOnlyForDeploymentPostprocessing = 0;
		};
		09B8012C2244CA0A0070ADBC /* Sources */ = {
			isa = PBXSourcesBuildPhase;
			buildActionMask = 2147483647;
			files = (
				09B801352244CA0A0070ADBC /* tippyTests.swift in Sources */,
			);
			runOnlyForDeploymentPostprocessing = 0;
		};
		09B801372244CA0A0070ADBC /* Sources */ = {
			isa = PBXSourcesBuildPhase;
			buildActionMask = 2147483647;
			files = (
				09B801402244CA0A0070ADBC /* tippyUITests.swift in Sources */,
			);
			runOnlyForDeploymentPostprocessing = 0;
		};
/* End PBXSourcesBuildPhase section */

/* Begin PBXTargetDependency section */
		09B801322244CA0A0070ADBC /* PBXTargetDependency */ = {
			isa = PBXTargetDependency;
			target = 09B8011B2244CA090070ADBC /* tippy */;
			targetProxy = 09B801312244CA0A0070ADBC /* PBXContainerItemProxy */;
		};
		09B8013D2244CA0A0070ADBC /* PBXTargetDependency */ = {
			isa = PBXTargetDependency;
			target = 09B8011B2244CA090070ADBC /* tippy */;
			targetProxy = 09B8013C2244CA0A0070ADBC /* PBXContainerItemProxy */;
		};
/* End PBXTargetDependency section */

/* Begin PBXVariantGroup section */
		09B801232244CA090070ADBC /* Main.storyboard */ = {
			isa = PBXVariantGroup;
			children = (
				09B801242244CA090070ADBC /* Base */,
			);
			name = Main.storyboard;
			sourceTree = "<group>";
		};
		09B801282244CA0A0070ADBC /* LaunchScreen.storyboard */ = {
			isa = PBXVariantGroup;
			children = (
				09B801292244CA0A0070ADBC /* Base */,
			);
			name = LaunchScreen.storyboard;
			sourceTree = "<group>";
		};
/* End PBXVariantGroup section */

/* Begin XCBuildConfiguration section */
		09B801422244CA0A0070ADBC /* Debug */ = {
			isa = XCBuildConfiguration;
			buildSettings = {
				ALWAYS_SEARCH_USER_PATHS = NO;
				CLANG_ANALYZER_NONNULL = YES;
				CLANG_ANALYZER_NUMBER_OBJECT_CONVERSION = YES_AGGRESSIVE;
				CLANG_CXX_LANGUAGE_STANDARD = "gnu++14";
				CLANG_CXX_LIBRARY = "libc++";
				CLANG_ENABLE_MODULES = YES;
				CLANG_ENABLE_OBJC_ARC = YES;
				CLANG_ENABLE_OBJC_WEAK = YES;
				CLANG_WARN_BLOCK_CAPTURE_AUTORELEASING = YES;
				CLANG_WARN_BOOL_CONVERSION = YES;
				CLANG_WARN_COMMA = YES;
				CLANG_WARN_CONSTANT_CONVERSION = YES;
				CLANG_WARN_DEPRECATED_OBJC_IMPLEMENTATIONS = YES;
				CLANG_WARN_DIRECT_OBJC_ISA_USAGE = YES_ERROR;
				CLANG_WARN_DOCUMENTATION_COMMENTS = YES;
				CLANG_WARN_EMPTY_BODY = YES;
				CLANG_WARN_ENUM_CONVERSION = YES;
				CLANG_WARN_INFINITE_RECURSION = YES;
				CLANG_WARN_INT_CONVERSION = YES;
				CLANG_WARN_NON_LITERAL_NULL_CONVERSION = YES;
				CLANG_WARN_OBJC_IMPLICIT_RETAIN_SELF = YES;
				CLANG_WARN_OBJC_LITERAL_CONVERSION = YES;
				CLANG_WARN_OBJC_ROOT_CLASS = YES_ERROR;
				CLANG_WARN_RANGE_LOOP_ANALYSIS = YES;
				CLANG_WARN_STRICT_PROTOTYPES = YES;
				CLANG_WARN_SUSPICIOUS_MOVE = YES;
				CLANG_WARN_UNGUARDED_AVAILABILITY = YES_AGGRESSIVE;
				CLANG_WARN_UNREACHABLE_CODE = YES;
				CLANG_WARN__DUPLICATE_METHOD_MATCH = YES;
				CODE_SIGN_IDENTITY = "iPhone Developer";
				COPY_PHASE_STRIP = NO;
				DEBUG_INFORMATION_FORMAT = dwarf;
				ENABLE_STRICT_OBJC_MSGSEND = YES;
				ENABLE_TESTABILITY = YES;
				GCC_C_LANGUAGE_STANDARD = gnu11;
				GCC_DYNAMIC_NO_PIC = NO;
				GCC_NO_COMMON_BLOCKS = YES;
				GCC_OPTIMIZATION_LEVEL = 0;
				GCC_PREPROCESSOR_DEFINITIONS = (
					"DEBUG=1",
					"$(inherited)",
				);
				GCC_WARN_64_TO_32_BIT_CONVERSION = YES;
				GCC_WARN_ABOUT_RETURN_TYPE = YES_ERROR;
				GCC_WARN_UNDECLARED_SELECTOR = YES;
				GCC_WARN_UNINITIALIZED_AUTOS = YES_AGGRESSIVE;
				GCC_WARN_UNUSED_FUNCTION = YES;
				GCC_WARN_UNUSED_VARIABLE = YES;
				IPHONEOS_DEPLOYMENT_TARGET = 12.1;
				MTL_ENABLE_DEBUG_INFO = INCLUDE_SOURCE;
				MTL_FAST_MATH = YES;
				ONLY_ACTIVE_ARCH = YES;
				SDKROOT = iphoneos;
				SWIFT_ACTIVE_COMPILATION_CONDITIONS = DEBUG;
				SWIFT_OPTIMIZATION_LEVEL = "-Onone";
			};
			name = Debug;
		};
		09B801432244CA0A0070ADBC /* Release */ = {
			isa = XCBuildConfiguration;
			buildSettings = {
				ALWAYS_SEARCH_USER_PATHS = NO;
				CLANG_ANALYZER_NONNULL = YES;
				CLANG_ANALYZER_NUMBER_OBJECT_CONVERSION = YES_AGGRESSIVE;
				CLANG_CXX_LANGUAGE_STANDARD = "gnu++14";
				CLANG_CXX_LIBRARY = "libc++";
				CLANG_ENABLE_MODULES = YES;
				CLANG_ENABLE_OBJC_ARC = YES;
				CLANG_ENABLE_OBJC_WEAK = YES;
				CLANG_WARN_BLOCK_CAPTURE_AUTORELEASING = YES;
				CLANG_WARN_BOOL_CONVERSION = YES;
				CLANG_WARN_COMMA = YES;
				CLANG_WARN_CONSTANT_CONVERSION = YES;
				CLANG_WARN_DEPRECATED_OBJC_IMPLEMENTATIONS = YES;
				CLANG_WARN_DIRECT_OBJC_ISA_USAGE = YES_ERROR;
				CLANG_WARN_DOCUMENTATION_COMMENTS = YES;
				CLANG_WARN_EMPTY_BODY = YES;
				CLANG_WARN_ENUM_CONVERSION = YES;
				CLANG_WARN_INFINITE_RECURSION = YES;
				CLANG_WARN_INT_CONVERSION = YES;
				CLANG_WARN_NON_LITERAL_NULL_CONVERSION = YES;
				CLANG_WARN_OBJC_IMPLICIT_RETAIN_SELF = YES;
				CLANG_WARN_OBJC_LITERAL_CONVERSION = YES;
				CLANG_WARN_OBJC_ROOT_CLASS = YES_ERROR;
				CLANG_WARN_RANGE_LOOP_ANALYSIS = YES;
				CLANG_WARN_STRICT_PROTOTYPES = YES;
				CLANG_WARN_SUSPICIOUS_MOVE = YES;
				CLANG_WARN_UNGUARDED_AVAILABILITY = YES_AGGRESSIVE;
				CLANG_WARN_UNREACHABLE_CODE = YES;
				CLANG_WARN__DUPLICATE_METHOD_MATCH = YES;
				CODE_SIGN_IDENTITY = "iPhone Developer";
				COPY_PHASE_STRIP = NO;
				DEBUG_INFORMATION_FORMAT = "dwarf-with-dsym";
				ENABLE_NS_ASSERTIONS = NO;
				ENABLE_STRICT_OBJC_MSGSEND = YES;
				GCC_C_LANGUAGE_STANDARD = gnu11;
				GCC_NO_COMMON_BLOCKS = YES;
				GCC_WARN_64_TO_32_BIT_CONVERSION = YES;
				GCC_WARN_ABOUT_RETURN_TYPE = YES_ERROR;
				GCC_WARN_UNDECLARED_SELECTOR = YES;
				GCC_WARN_UNINITIALIZED_AUTOS = YES_AGGRESSIVE;
				GCC_WARN_UNUSED_FUNCTION = YES;
				GCC_WARN_UNUSED_VARIABLE = YES;
				IPHONEOS_DEPLOYMENT_TARGET = 12.1;
				MTL_ENABLE_DEBUG_INFO = NO;
				MTL_FAST_MATH = YES;
				SDKROOT = iphoneos;
				SWIFT_COMPILATION_MODE = wholemodule;
				SWIFT_OPTIMIZATION_LEVEL = "-O";
				VALIDATE_PRODUCT = YES;
			};
			name = Release;
		};
		09B801452244CA0A0070ADBC /* Debug */ = {
			isa = XCBuildConfiguration;
			buildSettings = {
				ASSETCATALOG_COMPILER_APPICON_NAME = AppIcon;
				CODE_SIGN_STYLE = Automatic;
				INFOPLIST_FILE = tippy/Info.plist;
				LD_RUNPATH_SEARCH_PATHS = (
					"$(inherited)",
					"@executable_path/Frameworks",
				);
				PRODUCT_BUNDLE_IDENTIFIER = com.rnluu.tippy;
				PRODUCT_NAME = "$(TARGET_NAME)";
				SWIFT_VERSION = 4.2;
				TARGETED_DEVICE_FAMILY = "1,2";
			};
			name = Debug;
		};
		09B801462244CA0A0070ADBC /* Release */ = {
			isa = XCBuildConfiguration;
			buildSettings = {
				ASSETCATALOG_COMPILER_APPICON_NAME = AppIcon;
				CODE_SIGN_STYLE = Automatic;
				INFOPLIST_FILE = tippy/Info.plist;
				LD_RUNPATH_SEARCH_PATHS = (
					"$(inherited)",
					"@executable_path/Frameworks",
				);
				PRODUCT_BUNDLE_IDENTIFIER = com.rnluu.tippy;
				PRODUCT_NAME = "$(TARGET_NAME)";
				SWIFT_VERSION = 4.2;
				TARGETED_DEVICE_FAMILY = "1,2";
			};
			name = Release;
		};
		09B801482244CA0A0070ADBC /* Debug */ = {
			isa = XCBuildConfiguration;
			buildSettings = {
				ALWAYS_EMBED_SWIFT_STANDARD_LIBRARIES = YES;
				BUNDLE_LOADER = "$(TEST_HOST)";
				CODE_SIGN_STYLE = Automatic;
				INFOPLIST_FILE = tippyTests/Info.plist;
				LD_RUNPATH_SEARCH_PATHS = (
					"$(inherited)",
					"@executable_path/Frameworks",
					"@loader_path/Frameworks",
				);
				PRODUCT_BUNDLE_IDENTIFIER = com.rnluu.tippyTests;
				PRODUCT_NAME = "$(TARGET_NAME)";
				SWIFT_VERSION = 4.2;
				TARGETED_DEVICE_FAMILY = "1,2";
				TEST_HOST = "$(BUILT_PRODUCTS_DIR)/tippy.app/tippy";
			};
			name = Debug;
		};
		09B801492244CA0A0070ADBC /* Release */ = {
			isa = XCBuildConfiguration;
			buildSettings = {
				ALWAYS_EMBED_SWIFT_STANDARD_LIBRARIES = YES;
				BUNDLE_LOADER = "$(TEST_HOST)";
				CODE_SIGN_STYLE = Automatic;
				INFOPLIST_FILE = tippyTests/Info.plist;
				LD_RUNPATH_SEARCH_PATHS = (
					"$(inherited)",
					"@executable_path/Frameworks",
					"@loader_path/Frameworks",
				);
				PRODUCT_BUNDLE_IDENTIFIER = com.rnluu.tippyTests;
				PRODUCT_NAME = "$(TARGET_NAME)";
				SWIFT_VERSION = 4.2;
				TARGETED_DEVICE_FAMILY = "1,2";
				TEST_HOST = "$(BUILT_PRODUCTS_DIR)/tippy.app/tippy";
			};
			name = Release;
		};
		09B8014B2244CA0A0070ADBC /* Debug */ = {
			isa = XCBuildConfiguration;
			buildSettings = {
				ALWAYS_EMBED_SWIFT_STANDARD_LIBRARIES = YES;
				CODE_SIGN_STYLE = Automatic;
				INFOPLIST_FILE = tippyUITests/Info.plist;
				LD_RUNPATH_SEARCH_PATHS = (
					"$(inherited)",
					"@executable_path/Frameworks",
					"@loader_path/Frameworks",
				);
				PRODUCT_BUNDLE_IDENTIFIER = com.rnluu.tippyUITests;
				PRODUCT_NAME = "$(TARGET_NAME)";
				SWIFT_VERSION = 4.2;
				TARGETED_DEVICE_FAMILY = "1,2";
				TEST_TARGET_NAME = tippy;
			};
			name = Debug;
		};
		09B8014C2244CA0A0070ADBC /* Release */ = {
			isa = XCBuildConfiguration;
			buildSettings = {
				ALWAYS_EMBED_SWIFT_STANDARD_LIBRARIES = YES;
				CODE_SIGN_STYLE = Automatic;
				INFOPLIST_FILE = tippyUITests/Info.plist;
				LD_RUNPATH_SEARCH_PATHS = (
					"$(inherited)",
					"@executable_path/Frameworks",
					"@loader_path/Frameworks",
				);
				PRODUCT_BUNDLE_IDENTIFIER = com.rnluu.tippyUITests;
				PRODUCT_NAME = "$(TARGET_NAME)";
				SWIFT_VERSION = 4.2;
				TARGETED_DEVICE_FAMILY = "1,2";
				TEST_TARGET_NAME = tippy;
			};
			name = Release;
		};
/* End XCBuildConfiguration section */

/* Begin XCConfigurationList section */
		09B801172244CA090070ADBC /* Build configuration list for PBXProject "tippy" */ = {
			isa = XCConfigurationList;
			buildConfigurations = (
				09B801422244CA0A0070ADBC /* Debug */,
				09B801432244CA0A0070ADBC /* Release */,
			);
			defaultConfigurationIsVisible = 0;
			defaultConfigurationName = Release;
		};
		09B801442244CA0A0070ADBC /* Build configuration list for PBXNativeTarget "tippy" */ = {
			isa = XCConfigurationList;
			buildConfigurations = (
				09B801452244CA0A0070ADBC /* Debug */,
				09B801462244CA0A0070ADBC /* Release */,
			);
			defaultConfigurationIsVisible = 0;
			defaultConfigurationName = Release;
		};
		09B801472244CA0A0070ADBC /* Build configuration list for PBXNativeTarget "tippyTests" */ = {
			isa = XCConfigurationList;
			buildConfigurations = (
				09B801482244CA0A0070ADBC /* Debug */,
				09B801492244CA0A0070ADBC /* Release */,
			);
			defaultConfigurationIsVisible = 0;
			defaultConfigurationName = Release;
		};
		09B8014A2244CA0A0070ADBC /* Build configuration list for PBXNativeTarget "tippyUITests" */ = {
			isa = XCConfigurationList;
			buildConfigurations = (
				09B8014B2244CA0A0070ADBC /* Debug */,
				09B8014C2244CA0A0070ADBC /* Release */,
			);
			defaultConfigurationIsVisible = 0;
			defaultConfigurationName = Release;
		};
/* End XCConfigurationList section */
	};
	rootObject = 09B801142244CA090070ADBC /* Project object */;
}
